
Microsoft Visual Studio Solution File, Format Version 11.00
# Visual Studio 2010
Project("{FAE04EC0-301F-11D3-BF4B-00C04F79EFBC}") = "UIComponents", "UIComponents\UIComponents.csproj", "{F544C0A6-7A53-4629-B700-907342C0AF88}"
EndProject
Project("{FAE04EC0-301F-11D3-BF4B-00C04F79EFBC}") = "Test", "Test\Test.csproj", "{A072C72F-7AC2-48B3-B587-B1A80847FFCD}"
EndProject
Global
	GlobalSection(SolutionConfigurationPlatforms) = preSolution
		Debug|Any CPU = Debug|Any CPU
		Release|Any CPU = Release|Any CPU
		Debug|iPhoneSimulator = Debug|iPhoneSimulator
		Release|iPhoneSimulator = Release|iPhoneSimulator
		Debug|iPhone = Debug|iPhone
		Release|iPhone = Release|iPhone
		Ad-Hoc|iPhone = Ad-Hoc|iPhone
		AppStore|iPhone = AppStore|iPhone
	EndGlobalSection
	GlobalSection(ProjectConfigurationPlatforms) = postSolution
		{A072C72F-7AC2-48B3-B587-B1A80847FFCD}.Ad-Hoc|iPhone.ActiveCfg = Ad-Hoc|iPhone
		{A072C72F-7AC2-48B3-B587-B1A80847FFCD}.Ad-Hoc|iPhone.Build.0 = Ad-Hoc|iPhone
		{A072C72F-7AC2-48B3-B587-B1A80847FFCD}.AppStore|iPhone.ActiveCfg = AppStore|iPhone
		{A072C72F-7AC2-48B3-B587-B1A80847FFCD}.AppStore|iPhone.Build.0 = AppStore|iPhone
		{A072C72F-7AC2-48B3-B587-B1A80847FFCD}.Debug|Any CPU.ActiveCfg = Debug|iPhoneSimulator
		{A072C72F-7AC2-48B3-B587-B1A80847FFCD}.Debug|Any CPU.Build.0 = Debug|iPhoneSimulator
		{A072C72F-7AC2-48B3-B587-B1A80847FFCD}.Debug|iPhone.ActiveCfg = Debug|iPhone
		{A072C72F-7AC2-48B3-B587-B1A80847FFCD}.Debug|iPhone.Build.0 = Debug|iPhone
		{A072C72F-7AC2-48B3-B587-B1A80847FFCD}.Debug|iPhoneSimulator.ActiveCfg = Debug|iPhoneSimulator
		{A072C72F-7AC2-48B3-B587-B1A80847FFCD}.Debug|iPhoneSimulator.Build.0 = Debug|iPhoneSimulator
		{A072C72F-7AC2-48B3-B587-B1A80847FFCD}.Release|Any CPU.ActiveCfg = Release|iPhoneSimulator
		{A072C72F-7AC2-48B3-B587-B1A80847FFCD}.Release|Any CPU.Build.0 = Release|iPhoneSimulator
		{A072C72F-7AC2-48B3-B587-B1A80847FFCD}.Release|iPhone.ActiveCfg = Release|iPhone
		{A072C72F-7AC2-48B3-B587-B1A80847FFCD}.Release|iPhone.Build.0 = Release|iPhone
		{A072C72F-7AC2-48B3-B587-B1A80847FFCD}.Release|iPhoneSimulator.ActiveCfg = Release|iPhoneSimulator
		{A072C72F-7AC2-48B3-B587-B1A80847FFCD}.Release|iPhoneSimulator.Build.0 = Release|iPhoneSimulator
		{F544C0A6-7A53-4629-B700-907342C0AF88}.Ad-Hoc|iPhone.ActiveCfg = Debug|Any CPU
		{F544C0A6-7A53-4629-B700-907342C0AF88}.Ad-Hoc|iPhone.Build.0 = Debug|Any CPU
		{F544C0A6-7A53-4629-B700-907342C0AF88}.AppStore|iPhone.ActiveCfg = Debug|Any CPU
		{F544C0A6-7A53-4629-B700-907342C0AF88}.AppStore|iPhone.Build.0 = Debug|Any CPU
		{F544C0A6-7A53-4629-B700-907342C0AF88}.Debug|Any CPU.ActiveCfg = Debug|Any CPU
		{F544C0A6-7A53-4629-B700-907342C0AF88}.Debug|Any CPU.Build.0 = Debug|Any CPU
		{F544C0A6-7A53-4629-B700-907342C0AF88}.Debug|iPhone.ActiveCfg = Debug|Any CPU
		{F544C0A6-7A53-4629-B700-907342C0AF88}.Debug|iPhone.Build.0 = Debug|Any CPU
		{F544C0A6-7A53-4629-B700-907342C0AF88}.Debug|iPhoneSimulator.ActiveCfg = Debug|Any CPU
		{F544C0A6-7A53-4629-B700-907342C0AF88}.Debug|iPhoneSimulator.Build.0 = Debug|Any CPU
		{F544C0A6-7A53-4629-B700-907342C0AF88}.Release|Any CPU.ActiveCfg = Release|Any CPU
		{F544C0A6-7A53-4629-B700-907342C0AF88}.Release|Any CPU.Build.0 = Release|Any CPU
		{F544C0A6-7A53-4629-B700-907342C0AF88}.Release|iPhone.ActiveCfg = Release|Any CPU
		{F544C0A6-7A53-4629-B700-907342C0AF88}.Release|iPhone.Build.0 = Release|Any CPU
		{F544C0A6-7A53-4629-B700-907342C0AF88}.Release|iPhoneSimulator.ActiveCfg = Release|Any CPU
		{F544C0A6-7A53-4629-B700-907342C0AF88}.Release|iPhoneSimulator.Build.0 = Release|Any CPU
	EndGlobalSection
	GlobalSection(MonoDevelopProperties) = preSolution
		StartupItem = Test\Test.csproj
	EndGlobalSection
EndGlobal
